// !$*UTF8*$!
{
	archiveVersion = 1;
	classes = {
	};
	objectVersion = 56;
	objects = {

/* Begin PBXBuildFile section */
		6D29868001831A354CEE9FD5 /* Pods_Candlestick.framework in Frameworks */ = {isa = PBXBuildFile; fileRef = 02CA7E50C7AEE7A03C7245B3 /* Pods_Candlestick.framework */; };
		D2C70CB428875AE7008C5A91 /* AppDelegate.swift in Sources */ = {isa = PBXBuildFile; fileRef = D2C70CB328875AE7008C5A91 /* AppDelegate.swift */; };
		D2C70CB828875AE7008C5A91 /* ViewController.swift in Sources */ = {isa = PBXBuildFile; fileRef = D2C70CB728875AE7008C5A91 /* ViewController.swift */; };
		D2C70CBB28875AE7008C5A91 /* Main.storyboard in Resources */ = {isa = PBXBuildFile; fileRef = D2C70CB928875AE7008C5A91 /* Main.storyboard */; };
		D2C70CBD28875AE9008C5A91 /* Assets.xcassets in Resources */ = {isa = PBXBuildFile; fileRef = D2C70CBC28875AE9008C5A91 /* Assets.xcassets */; };
		D2C70CC028875AE9008C5A91 /* LaunchScreen.storyboard in Resources */ = {isa = PBXBuildFile; fileRef = D2C70CBE28875AE9008C5A91 /* LaunchScreen.storyboard */; };
/* End PBXBuildFile section */

/* Begin PBXFileReference section */
		02CA7E50C7AEE7A03C7245B3 /* Pods_Candlestick.framework */ = {isa = PBXFileReference; explicitFileType = wrapper.framework; includeInIndex = 0; path = Pods_Candlestick.framework; sourceTree = BUILT_PRODUCTS_DIR; };
		2392805EB68C7DB72929A57F /* Pods-Candlestick.debug.xcconfig */ = {isa = PBXFileReference; includeInIndex = 1; lastKnownFileType = text.xcconfig; name = "Pods-Candlestick.debug.xcconfig"; path = "Target Support Files/Pods-Candlestick/Pods-Candlestick.debug.xcconfig"; sourceTree = "<group>"; };
		33EB5AE7D576E4D7F624A813 /* Pods-Candlestick.release.xcconfig */ = {isa = PBXFileReference; includeInIndex = 1; lastKnownFileType = text.xcconfig; name = "Pods-Candlestick.release.xcconfig"; path = "Target Support Files/Pods-Candlestick/Pods-Candlestick.release.xcconfig"; sourceTree = "<group>"; };
		D2C70CB028875AE7008C5A91 /* Candlestick.app */ = {isa = PBXFileReference; explicitFileType = wrapper.application; includeInIndex = 0; path = Candlestick.app; sourceTree = BUILT_PRODUCTS_DIR; };
		D2C70CB328875AE7008C5A91 /* AppDelegate.swift */ = {isa = PBXFileReference; lastKnownFileType = sourcecode.swift; path = AppDelegate.swift; sourceTree = "<group>"; };
		D2C70CB728875AE7008C5A91 /* ViewController.swift */ = {isa = PBXFileReference; lastKnownFileType = sourcecode.swift; path = ViewController.swift; sourceTree = "<group>"; };
		D2C70CBA28875AE7008C5A91 /* Base */ = {isa = PBXFileReference; lastKnownFileType = file.storyboard; name = Base; path = Base.lproj/Main.storyboard; sourceTree = "<group>"; };
		D2C70CBC28875AE9008C5A91 /* Assets.xcassets */ = {isa = PBXFileReference; lastKnownFileType = folder.assetcatalog; path = Assets.xcassets; sourceTree = "<group>"; };
		D2C70CBF28875AE9008C5A91 /* Base */ = {isa = PBXFileReference; lastKnownFileType = file.storyboard; name = Base; path = Base.lproj/LaunchScreen.storyboard; sourceTree = "<group>"; };
		D2C70CC128875AE9008C5A91 /* Info.plist */ = {isa = PBXFileReference; lastKnownFileType = text.plist.xml; path = Info.plist; sourceTree = "<group>"; };
/* End PBXFileReference section */

/* Begin PBXFrameworksBuildPhase section */
		D2C70CAD28875AE7008C5A91 /* Frameworks */ = {
			isa = PBXFrameworksBuildPhase;
			buildActionMask = 2147483647;
			files = (
				6D29868001831A354CEE9FD5 /* Pods_Candlestick.framework in Frameworks */,
			);
			runOnlyForDeploymentPostprocessing = 0;
		};
/* End PBXFrameworksBuildPhase section */

/* Begin PBXGroup section */
		0DC49F70979C48E26C2EDFDE /* Pods */ = {
			isa = PBXGroup;
			children = (
				2392805EB68C7DB72929A57F /* Pods-Candlestick.debug.xcconfig */,
				33EB5AE7D576E4D7F624A813 /* Pods-Candlestick.release.xcconfig */,
			);
			path = Pods;
			sourceTree = "<group>";
		};
		BD903CF5A06B614907750F92 /* Frameworks */ = {
			isa = PBXGroup;
			children = (
				02CA7E50C7AEE7A03C7245B3 /* Pods_Candlestick.framework */,
			);
			name = Frameworks;
			sourceTree = "<group>";
		};
		D261FE8528876C8500439D1B /* SupportingFiles */ = {
			isa = PBXGroup;
			children = (
				D2C70CB328875AE7008C5A91 /* AppDelegate.swift */,
				D2C70CB928875AE7008C5A91 /* Main.storyboard */,
				D2C70CBE28875AE9008C5A91 /* LaunchScreen.storyboard */,
				D2C70CC128875AE9008C5A91 /* Info.plist */,
				D261FE8628876C9300439D1B /* Resources */,
			);
			path = SupportingFiles;
			sourceTree = "<group>";
		};
		D261FE8628876C9300439D1B /* Resources */ = {
			isa = PBXGroup;
			children = (
				D2C70CBC28875AE9008C5A91 /* Assets.xcassets */,
			);
			path = Resources;
			sourceTree = "<group>";
		};
		D261FE8728876DDD00439D1B /* Common */ = {
			isa = PBXGroup;
			children = (
			);
			path = Common;
			sourceTree = "<group>";
		};
		D261FE8828876DEE00439D1B /* View */ = {
			isa = PBXGroup;
			children = (
			);
			path = View;
			sourceTree = "<group>";
		};
		D261FE8928876DF400439D1B /* ViewModel */ = {
			isa = PBXGroup;
			children = (
			);
			path = ViewModel;
			sourceTree = "<group>";
		};
		D261FE8A28876DF900439D1B /* Model */ = {
			isa = PBXGroup;
			children = (
			);
			path = Model;
			sourceTree = "<group>";
		};
		D261FE8B28876E0C00439D1B /* Network */ = {
			isa = PBXGroup;
			children = (
				D261FE8D28876F1800439D1B /* DataSource */,
				D261FE8C28876E9D00439D1B /* Manager */,
			);
			path = Network;
			sourceTree = "<group>";
		};
		D261FE8C28876E9D00439D1B /* Manager */ = {
			isa = PBXGroup;
			children = (
			);
			path = Manager;
			sourceTree = "<group>";
		};
		D261FE8D28876F1800439D1B /* DataSource */ = {
			isa = PBXGroup;
			children = (
			);
			path = DataSource;
			sourceTree = "<group>";
		};
		D2C70CA728875AE7008C5A91 = {
			isa = PBXGroup;
			children = (
				D2C70CB228875AE7008C5A91 /* Candlestick */,
				D2C70CB128875AE7008C5A91 /* Products */,
				0DC49F70979C48E26C2EDFDE /* Pods */,
				BD903CF5A06B614907750F92 /* Frameworks */,
			);
			sourceTree = "<group>";
		};
		D2C70CB128875AE7008C5A91 /* Products */ = {
			isa = PBXGroup;
			children = (
				D2C70CB028875AE7008C5A91 /* Candlestick.app */,
			);
			name = Products;
			sourceTree = "<group>";
		};
		D2C70CB228875AE7008C5A91 /* Candlestick */ = {
			isa = PBXGroup;
			children = (
				D261FE8728876DDD00439D1B /* Common */,
				D261FE8B28876E0C00439D1B /* Network */,
				D261FE8A28876DF900439D1B /* Model */,
				D261FE8828876DEE00439D1B /* View */,
				D261FE8928876DF400439D1B /* ViewModel */,
				D2C70CB728875AE7008C5A91 /* ViewController.swift */,
				D261FE8528876C8500439D1B /* SupportingFiles */,
			);
			path = Candlestick;
			sourceTree = "<group>";
		};
/* End PBXGroup section */

/* Begin PBXNativeTarget section */
		D2C70CAF28875AE7008C5A91 /* Candlestick */ = {
			isa = PBXNativeTarget;
			buildConfigurationList = D2C70CC428875AE9008C5A91 /* Build configuration list for PBXNativeTarget "Candlestick" */;
			buildPhases = (
				E3F94256B493954F1BAD75D6 /* [CP] Check Pods Manifest.lock */,
				D2C70CAC28875AE7008C5A91 /* Sources */,
				D2C70CAD28875AE7008C5A91 /* Frameworks */,
				D2C70CAE28875AE7008C5A91 /* Resources */,
				C10E1602E4B1700C17E4158E /* [CP] Embed Pods Frameworks */,
			);
			buildRules = (
			);
			dependencies = (
			);
			name = Candlestick;
			productName = Candlestick;
			productReference = D2C70CB028875AE7008C5A91 /* Candlestick.app */;
			productType = "com.apple.product-type.application";
		};
/* End PBXNativeTarget section */

/* Begin PBXProject section */
		D2C70CA828875AE7008C5A91 /* Project object */ = {
			isa = PBXProject;
			attributes = {
				BuildIndependentTargetsInParallel = 1;
				LastSwiftUpdateCheck = 1400;
				LastUpgradeCheck = 1400;
				TargetAttributes = {
					D2C70CAF28875AE7008C5A91 = {
						CreatedOnToolsVersion = 14.0;
					};
				};
			};
			buildConfigurationList = D2C70CAB28875AE7008C5A91 /* Build configuration list for PBXProject "Candlestick" */;
			compatibilityVersion = "Xcode 14.0";
			developmentRegion = en;
			hasScannedForEncodings = 0;
			knownRegions = (
				en,
				Base,
			);
			mainGroup = D2C70CA728875AE7008C5A91;
			productRefGroup = D2C70CB128875AE7008C5A91 /* Products */;
			projectDirPath = "";
			projectRoot = "";
			targets = (
				D2C70CAF28875AE7008C5A91 /* Candlestick */,
			);
		};
/* End PBXProject section */

/* Begin PBXResourcesBuildPhase section */
		D2C70CAE28875AE7008C5A91 /* Resources */ = {
			isa = PBXResourcesBuildPhase;
			buildActionMask = 2147483647;
			files = (
				D2C70CC028875AE9008C5A91 /* LaunchScreen.storyboard in Resources */,
				D2C70CBD28875AE9008C5A91 /* Assets.xcassets in Resources */,
				D2C70CBB28875AE7008C5A91 /* Main.storyboard in Resources */,
			);
			runOnlyForDeploymentPostprocessing = 0;
		};
/* End PBXResourcesBuildPhase section */

/* Begin PBXShellScriptBuildPhase section */
		C10E1602E4B1700C17E4158E /* [CP] Embed Pods Frameworks */ = {
			isa = PBXShellScriptBuildPhase;
			buildActionMask = 2147483647;
			files = (
			);
			inputFileListPaths = (
				"${PODS_ROOT}/Target Support Files/Pods-Candlestick/Pods-Candlestick-frameworks-${CONFIGURATION}-input-files.xcfilelist",
			);
			name = "[CP] Embed Pods Frameworks";
			outputFileListPaths = (
				"${PODS_ROOT}/Target Support Files/Pods-Candlestick/Pods-Candlestick-frameworks-${CONFIGURATION}-output-files.xcfilelist",
			);
			runOnlyForDeploymentPostprocessing = 0;
			shellPath = /bin/sh;
			shellScript = "\"${PODS_ROOT}/Target Support Files/Pods-Candlestick/Pods-Candlestick-frameworks.sh\"\n";
			showEnvVarsInLog = 0;
		};
		E3F94256B493954F1BAD75D6 /* [CP] Check Pods Manifest.lock */ = {
			isa = PBXShellScriptBuildPhase;
			buildActionMask = 2147483647;
			files = (
			);
			inputFileListPaths = (
			);
			inputPaths = (
				"${PODS_PODFILE_DIR_PATH}/Podfile.lock",
				"${PODS_ROOT}/Manifest.lock",
			);
			name = "[CP] Check Pods Manifest.lock";
			outputFileListPaths = (
			);
			outputPaths = (
				"$(DERIVED_FILE_DIR)/Pods-Candlestick-checkManifestLockResult.txt",
			);
			runOnlyForDeploymentPostprocessing = 0;
			shellPath = /bin/sh;
			shellScript = "diff \"${PODS_PODFILE_DIR_PATH}/Podfile.lock\" \"${PODS_ROOT}/Manifest.lock\" > /dev/null\nif [ $? != 0 ] ; then\n    # print error to STDERR\n    echo \"error: The sandbox is not in sync with the Podfile.lock. Run 'pod install' or update your CocoaPods installation.\" >&2\n    exit 1\nfi\n# This output is used by Xcode 'outputs' to avoid re-running this script phase.\necho \"SUCCESS\" > \"${SCRIPT_OUTPUT_FILE_0}\"\n";
			showEnvVarsInLog = 0;
		};
/* End PBXShellScriptBuildPhase section */

/* Begin PBXSourcesBuildPhase section */
		D2C70CAC28875AE7008C5A91 /* Sources */ = {
			isa = PBXSourcesBuildPhase;
			buildActionMask = 2147483647;
			files = (
				D2C70CB828875AE7008C5A91 /* ViewController.swift in Sources */,
				D2C70CB428875AE7008C5A91 /* AppDelegate.swift in Sources */,
			);
			runOnlyForDeploymentPostprocessing = 0;
		};
/* End PBXSourcesBuildPhase section */

/* Begin PBXVariantGroup section */
		D2C70CB928875AE7008C5A91 /* Main.storyboard */ = {
			isa = PBXVariantGroup;
			children = (
				D2C70CBA28875AE7008C5A91 /* Base */,
			);
			name = Main.storyboard;
			sourceTree = "<group>";
		};
		D2C70CBE28875AE9008C5A91 /* LaunchScreen.storyboard */ = {
			isa = PBXVariantGroup;
			children = (
				D2C70CBF28875AE9008C5A91 /* Base */,
			);
			name = LaunchScreen.storyboard;
			sourceTree = "<group>";
		};
/* End PBXVariantGroup section */

/* Begin XCBuildConfiguration section */
		D2C70CC228875AE9008C5A91 /* Debug */ = {
			isa = XCBuildConfiguration;
			buildSettings = {
				ALWAYS_SEARCH_USER_PATHS = NO;
				CLANG_ANALYZER_NONNULL = YES;
				CLANG_ANALYZER_NUMBER_OBJECT_CONVERSION = YES_AGGRESSIVE;
				CLANG_CXX_LANGUAGE_STANDARD = "gnu++17";
				CLANG_ENABLE_MODULES = YES;
				CLANG_ENABLE_OBJC_ARC = YES;
				CLANG_ENABLE_OBJC_WEAK = YES;
				CLANG_WARN_BLOCK_CAPTURE_AUTORELEASING = YES;
				CLANG_WARN_BOOL_CONVERSION = YES;
				CLANG_WARN_COMMA = YES;
				CLANG_WARN_CONSTANT_CONVERSION = YES;
				CLANG_WARN_DEPRECATED_OBJC_IMPLEMENTATIONS = YES;
				CLANG_WARN_DIRECT_OBJC_ISA_USAGE = YES_ERROR;
				CLANG_WARN_DOCUMENTATION_COMMENTS = YES;
				CLANG_WARN_EMPTY_BODY = YES;
				CLANG_WARN_ENUM_CONVERSION = YES;
				CLANG_WARN_INFINITE_RECURSION = YES;
				CLANG_WARN_INT_CONVERSION = YES;
				CLANG_WARN_NON_LITERAL_NULL_CONVERSION = YES;
				CLANG_WARN_OBJC_IMPLICIT_RETAIN_SELF = YES;
				CLANG_WARN_OBJC_LITERAL_CONVERSION = YES;
				CLANG_WARN_OBJC_ROOT_CLASS = YES_ERROR;
				CLANG_WARN_QUOTED_INCLUDE_IN_FRAMEWORK_HEADER = YES;
				CLANG_WARN_RANGE_LOOP_ANALYSIS = YES;
				CLANG_WARN_STRICT_PROTOTYPES = YES;
				CLANG_WARN_SUSPICIOUS_MOVE = YES;
				CLANG_WARN_UNGUARDED_AVAILABILITY = YES_AGGRESSIVE;
				CLANG_WARN_UNREACHABLE_CODE = YES;
				CLANG_WARN__DUPLICATE_METHOD_MATCH = YES;
				COPY_PHASE_STRIP = NO;
				DEBUG_INFORMATION_FORMAT = dwarf;
				ENABLE_STRICT_OBJC_MSGSEND = YES;
				ENABLE_TESTABILITY = YES;
				GCC_C_LANGUAGE_STANDARD = gnu11;
				GCC_DYNAMIC_NO_PIC = NO;
				GCC_NO_COMMON_BLOCKS = YES;
				GCC_OPTIMIZATION_LEVEL = 0;
				GCC_PREPROCESSOR_DEFINITIONS = (
					"DEBUG=1",
					"$(inherited)",
				);
				GCC_WARN_64_TO_32_BIT_CONVERSION = YES;
				GCC_WARN_ABOUT_RETURN_TYPE = YES_ERROR;
				GCC_WARN_UNDECLARED_SELECTOR = YES;
				GCC_WARN_UNINITIALIZED_AUTOS = YES_AGGRESSIVE;
				GCC_WARN_UNUSED_FUNCTION = YES;
				GCC_WARN_UNUSED_VARIABLE = YES;
				IPHONEOS_DEPLOYMENT_TARGET = 16.0;
				MTL_ENABLE_DEBUG_INFO = INCLUDE_SOURCE;
				MTL_FAST_MATH = YES;
				ONLY_ACTIVE_ARCH = YES;
				SDKROOT = iphoneos;
				SWIFT_ACTIVE_COMPILATION_CONDITIONS = DEBUG;
				SWIFT_OPTIMIZATION_LEVEL = "-Onone";
			};
			name = Debug;
		};
		D2C70CC328875AE9008C5A91 /* Release */ = {
			isa = XCBuildConfiguration;
			buildSettings = {
				ALWAYS_SEARCH_USER_PATHS = NO;
				CLANG_ANALYZER_NONNULL = YES;
				CLANG_ANALYZER_NUMBER_OBJECT_CONVERSION = YES_AGGRESSIVE;
				CLANG_CXX_LANGUAGE_STANDARD = "gnu++17";
				CLANG_ENABLE_MODULES = YES;
				CLANG_ENABLE_OBJC_ARC = YES;
				CLANG_ENABLE_OBJC_WEAK = YES;
				CLANG_WARN_BLOCK_CAPTURE_AUTORELEASING = YES;
				CLANG_WARN_BOOL_CONVERSION = YES;
				CLANG_WARN_COMMA = YES;
				CLANG_WARN_CONSTANT_CONVERSION = YES;
				CLANG_WARN_DEPRECATED_OBJC_IMPLEMENTATIONS = YES;
				CLANG_WARN_DIRECT_OBJC_ISA_USAGE = YES_ERROR;
				CLANG_WARN_DOCUMENTATION_COMMENTS = YES;
				CLANG_WARN_EMPTY_BODY = YES;
				CLANG_WARN_ENUM_CONVERSION = YES;
				CLANG_WARN_INFINITE_RECURSION = YES;
				CLANG_WARN_INT_CONVERSION = YES;
				CLANG_WARN_NON_LITERAL_NULL_CONVERSION = YES;
				CLANG_WARN_OBJC_IMPLICIT_RETAIN_SELF = YES;
				CLANG_WARN_OBJC_LITERAL_CONVERSION = YES;
				CLANG_WARN_OBJC_ROOT_CLASS = YES_ERROR;
				CLANG_WARN_QUOTED_INCLUDE_IN_FRAMEWORK_HEADER = YES;
				CLANG_WARN_RANGE_LOOP_ANALYSIS = YES;
				CLANG_WARN_STRICT_PROTOTYPES = YES;
				CLANG_WARN_SUSPICIOUS_MOVE = YES;
				CLANG_WARN_UNGUARDED_AVAILABILITY = YES_AGGRESSIVE;
				CLANG_WARN_UNREACHABLE_CODE = YES;
				CLANG_WARN__DUPLICATE_METHOD_MATCH = YES;
				COPY_PHASE_STRIP = NO;
				DEBUG_INFORMATION_FORMAT = "dwarf-with-dsym";
				ENABLE_NS_ASSERTIONS = NO;
				ENABLE_STRICT_OBJC_MSGSEND = YES;
				GCC_C_LANGUAGE_STANDARD = gnu11;
				GCC_NO_COMMON_BLOCKS = YES;
				GCC_WARN_64_TO_32_BIT_CONVERSION = YES;
				GCC_WARN_ABOUT_RETURN_TYPE = YES_ERROR;
				GCC_WARN_UNDECLARED_SELECTOR = YES;
				GCC_WARN_UNINITIALIZED_AUTOS = YES_AGGRESSIVE;
				GCC_WARN_UNUSED_FUNCTION = YES;
				GCC_WARN_UNUSED_VARIABLE = YES;
				IPHONEOS_DEPLOYMENT_TARGET = 16.0;
				MTL_ENABLE_DEBUG_INFO = NO;
				MTL_FAST_MATH = YES;
				SDKROOT = iphoneos;
				SWIFT_COMPILATION_MODE = wholemodule;
				SWIFT_OPTIMIZATION_LEVEL = "-O";
				VALIDATE_PRODUCT = YES;
			};
			name = Release;
		};
		D2C70CC528875AE9008C5A91 /* Debug */ = {
			isa = XCBuildConfiguration;
			baseConfigurationReference = 2392805EB68C7DB72929A57F /* Pods-Candlestick.debug.xcconfig */;
			buildSettings = {
				ASSETCATALOG_COMPILER_APPICON_NAME = AppIcon;
				ASSETCATALOG_COMPILER_GLOBAL_ACCENT_COLOR_NAME = AccentColor;
				CODE_SIGN_STYLE = Automatic;
				CURRENT_PROJECT_VERSION = 1;
				DEVELOPMENT_TEAM = 4B6HF4627C;
				GENERATE_INFOPLIST_FILE = YES;
				INFOPLIST_FILE = Candlestick/SupportingFiles/Info.plist;
				INFOPLIST_KEY_CFBundleDisplayName = Candlestick;
				INFOPLIST_KEY_UIApplicationSupportsIndirectInputEvents = YES;
				INFOPLIST_KEY_UILaunchStoryboardName = LaunchScreen;
				INFOPLIST_KEY_UIMainStoryboardFile = Main;
				INFOPLIST_KEY_UISupportedInterfaceOrientations = UIInterfaceOrientationPortrait;
				INFOPLIST_KEY_UISupportedInterfaceOrientations_iPad = "UIInterfaceOrientationLandscapeLeft UIInterfaceOrientationLandscapeRight UIInterfaceOrientationPortraitUpsideDown";
				IPHONEOS_DEPLOYMENT_TARGET = 11.0;
				LD_RUNPATH_SEARCH_PATHS = (
					"$(inherited)",
					"@executable_path/Frameworks",
				);
				MARKETING_VERSION = 1.0;
				PRODUCT_BUNDLE_IDENTIFIER = com.ahmad.Candlestick;
				PRODUCT_NAME = "$(TARGET_NAME)";
				SUPPORTED_PLATFORMS = "iphoneos iphonesimulator";
				SUPPORTS_MACCATALYST = NO;
				SUPPORTS_MAC_DESIGNED_FOR_IPHONE_IPAD = NO;
				SWIFT_EMIT_LOC_STRINGS = YES;
				SWIFT_VERSION = 5.0;
				TARGETED_DEVICE_FAMILY = 1;
			};
			name = Debug;
		};
		D2C70CC628875AE9008C5A91 /* Release */ = {
			isa = XCBuildConfiguration;
			baseConfigurationReference = 33EB5AE7D576E4D7F624A813 /* Pods-Candlestick.release.xcconfig */;
			buildSettings = {
				ASSETCATALOG_COMPILER_APPICON_NAME = AppIcon;
				ASSETCATALOG_COMPILER_GLOBAL_ACCENT_COLOR_NAME = AccentColor;
				CODE_SIGN_STYLE = Automatic;
				CURRENT_PROJECT_VERSION = 1;
				DEVELOPMENT_TEAM = 4B6HF4627C;
				GENERATE_INFOPLIST_FILE = YES;
				INFOPLIST_FILE = Candlestick/SupportingFiles/Info.plist;
				INFOPLIST_KEY_CFBundleDisplayName = Candlestick;
				INFOPLIST_KEY_UIApplicationSupportsIndirectInputEvents = YES;
				INFOPLIST_KEY_UILaunchStoryboardName = LaunchScreen;
				INFOPLIST_KEY_UIMainStoryboardFile = Main;
				INFOPLIST_KEY_UISupportedInterfaceOrientations = UIInterfaceOrientationPortrait;
				INFOPLIST_KEY_UISupportedInterfaceOrientations_iPad = "UIInterfaceOrientationLandscapeLeft UIInterfaceOrientationLandscapeRight UIInterfaceOrientationPortraitUpsideDown";
				IPHONEOS_DEPLOYMENT_TARGET = 11.0;
				LD_RUNPATH_SEARCH_PATHS = (
					"$(inherited)",
					"@executable_path/Frameworks",
				);
				MARKETING_VERSION = 1.0;
				PRODUCT_BUNDLE_IDENTIFIER = com.ahmad.Candlestick;
				PRODUCT_NAME = "$(TARGET_NAME)";
				SUPPORTED_PLATFORMS = "iphoneos iphonesimulator";
				SUPPORTS_MACCATALYST = NO;
				SUPPORTS_MAC_DESIGNED_FOR_IPHONE_IPAD = NO;
				SWIFT_EMIT_LOC_STRINGS = YES;
				SWIFT_VERSION = 5.0;
				TARGETED_DEVICE_FAMILY = 1;
			};
			name = Release;
		};
/* End XCBuildConfiguration section */

/* Begin XCConfigurationList section */
		D2C70CAB28875AE7008C5A91 /* Build configuration list for PBXProject "Candlestick" */ = {
			isa = XCConfigurationList;
			buildConfigurations = (
				D2C70CC228875AE9008C5A91 /* Debug */,
				D2C70CC328875AE9008C5A91 /* Release */,
			);
			defaultConfigurationIsVisible = 0;
			defaultConfigurationName = Release;
		};
		D2C70CC428875AE9008C5A91 /* Build configuration list for PBXNativeTarget "Candlestick" */ = {
			isa = XCConfigurationList;
			buildConfigurations = (
				D2C70CC528875AE9008C5A91 /* Debug */,
				D2C70CC628875AE9008C5A91 /* Release */,
			);
			defaultConfigurationIsVisible = 0;
			defaultConfigurationName = Release;
		};
/* End XCConfigurationList section */
	};
	rootObject = D2C70CA828875AE7008C5A91 /* Project object */;
}
