PODS:
  - Alamofire (5.5.0)
  - ProgressHUD (2.70)

DEPENDENCIES:
  - Alamofire
  - ProgressHUD

SPEC REPOS:
  trunk:
    - Alamofire
    - ProgressHUD

SPEC CHECKSUMS:
  Alamofire: 1c4fb5369c3fe93d2857c780d8bbe09f06f97e7c
  ProgressHUD: e603e8b8622c47d8818b9fb38b3cfe9d3e7ca421

PODFILE CHECKSUM: 284e09476f916f7d39be9f0c40abaf12fa6a947d

COCOAPODS: 1.11.2
